
Microsoft Visual Studio Solution File, Format Version 12.00
# Visual Studio Version 16
VisualStudioVersion = 16.0.30114.105
MinimumVisualStudioVersion = 10.0.40219.1
Project("{FAE04EC0-301F-11D3-BF4B-00C04F79EFBC}") = "Todo.Domain", "Todo.Domain\Todo.Domain.csproj", "{63DDB038-C89D-4181-9729-CF13D5578308}"
EndProject
Project("{FAE04EC0-301F-11D3-BF4B-00C04F79EFBC}") = "Todo.Domain.Api", "Todo.Domain.Api\Todo.Domain.Api.csproj", "{5FE8E1ED-419D-4D2C-AFBA-039DCD0612BD}"
EndProject
Project("{FAE04EC0-301F-11D3-BF4B-00C04F79EFBC}") = "Todo.Domain.Tests", "Todo.Domain.Tests\Todo.Domain.Tests.csproj", "{189423DC-F922-4C4E-B6FA-A7189759E0C6}"
EndProject
Project("{FAE04EC0-301F-11D3-BF4B-00C04F79EFBC}") = "Todo.Domain.Infra", "Todo.Domain.Infra\Todo.Domain.Infra.csproj", "{26319AEC-5482-40E2-A487-F925BCF5319A}"
EndProject
Global
	GlobalSection(SolutionConfigurationPlatforms) = preSolution
		Debug|Any CPU = Debug|Any CPU
		Release|Any CPU = Release|Any CPU
	EndGlobalSection
	GlobalSection(SolutionProperties) = preSolution
		HideSolutionNode = FALSE
	EndGlobalSection
	GlobalSection(ProjectConfigurationPlatforms) = postSolution
		{63DDB038-C89D-4181-9729-CF13D5578308}.Debug|Any CPU.ActiveCfg = Debug|Any CPU
		{63DDB038-C89D-4181-9729-CF13D5578308}.Debug|Any CPU.Build.0 = Debug|Any CPU
		{63DDB038-C89D-4181-9729-CF13D5578308}.Release|Any CPU.ActiveCfg = Release|Any CPU
		{63DDB038-C89D-4181-9729-CF13D5578308}.Release|Any CPU.Build.0 = Release|Any CPU
		{5FE8E1ED-419D-4D2C-AFBA-039DCD0612BD}.Debug|Any CPU.ActiveCfg = Debug|Any CPU
		{5FE8E1ED-419D-4D2C-AFBA-039DCD0612BD}.Debug|Any CPU.Build.0 = Debug|Any CPU
		{5FE8E1ED-419D-4D2C-AFBA-039DCD0612BD}.Release|Any CPU.ActiveCfg = Release|Any CPU
		{5FE8E1ED-419D-4D2C-AFBA-039DCD0612BD}.Release|Any CPU.Build.0 = Release|Any CPU
		{189423DC-F922-4C4E-B6FA-A7189759E0C6}.Debug|Any CPU.ActiveCfg = Debug|Any CPU
		{189423DC-F922-4C4E-B6FA-A7189759E0C6}.Debug|Any CPU.Build.0 = Debug|Any CPU
		{189423DC-F922-4C4E-B6FA-A7189759E0C6}.Release|Any CPU.ActiveCfg = Release|Any CPU
		{189423DC-F922-4C4E-B6FA-A7189759E0C6}.Release|Any CPU.Build.0 = Release|Any CPU
		{26319AEC-5482-40E2-A487-F925BCF5319A}.Debug|Any CPU.ActiveCfg = Debug|Any CPU
		{26319AEC-5482-40E2-A487-F925BCF5319A}.Debug|Any CPU.Build.0 = Debug|Any CPU
		{26319AEC-5482-40E2-A487-F925BCF5319A}.Release|Any CPU.ActiveCfg = Release|Any CPU
		{26319AEC-5482-40E2-A487-F925BCF5319A}.Release|Any CPU.Build.0 = Release|Any CPU
	EndGlobalSection
EndGlobal
